# This file is generated by running "yarn install" inside your project.
# Manual changes might be lost - proceed with caution!

__metadata:
  version: 6
  cacheKey: 8

"lodash@npm:4.17.21":
  version: 4.17.21
  resolution: "lodash@npm:4.17.21"
  checksum: "d1...89"
  languageName: node
  linkType: hard

"@scope/pkg@npm:^1.2.0, @scope/pkg@npm:1.2.3":
  version: 1.2.3
  resolution: "@scope/pkg@npm:1.2.3"
  checksum: "e3...22"
  languageName: node
  linkType: hard

"workspace-pkg@workspace:.":
  version: 0.0.0-use.local
  resolution: "workspace-pkg@workspace:."
  languageName: unknown
  linkType: soft

"patched-pkg@patch:foo@npm%3A1.0.0#./patches/foo.patch":
  version: 1.0.0
  resolution: "patched-pkg@patch:foo@npm%3A1.0.0#./patches/foo.patch"
  languageName: node
  linkType: hard

"portal-pkg@portal:./pkgs/portal-pkg":
  version: 0.0.0-use.local
  resolution: "portal-pkg@portal:./pkgs/portal-pkg"
  languageName: unknown
  linkType: soft
